{
    "_meta": {
        "hash": {
            "sha256": "07d6aa49e1514835da4dbb87ad35f66288363a682288f41d563786bc8fbbf178"
        },
        "pipfile-spec": 6,
        "requires": {
            "python_version": "3.8"
        },
        "sources": [
            {
                "name": "pypi",
                "url": "https://pypi.org/simple",
                "verify_ssl": true
            }
        ]
    },
    "default": {
        "cairocffi": {
            "hashes": [
                "sha256:9a979b500c64c8179fec286f337e8fe644eca2f2cd05860ce0b62d25f22ea140"
            ],
            "markers": "python_version >= '3.6'",
            "version": "==1.2.0"
        },
        "cairosvg": {
            "hashes": [
                "sha256:3fc50d10f0cbef53b3ee376a97a88d81bbd9e2f190f7e63de08431a1a08e9afa",
                "sha256:cf1d8dcba8984ce46ddfecf5bb4768b4bdd86577873470ccb798cba0b024b842"
            ],
            "markers": "python_version >= '3.5'",
            "version": "==2.5.0"
        },
        "cffi": {
            "hashes": [
                "sha256:00a1ba5e2e95684448de9b89888ccd02c98d512064b4cb987d48f4b40aa0421e",
                "sha256:00e28066507bfc3fe865a31f325c8391a1ac2916219340f87dfad602c3e48e5d",
                "sha256:045d792900a75e8b1e1b0ab6787dd733a8190ffcf80e8c8ceb2fb10a29ff238a",
                "sha256:0638c3ae1a0edfb77c6765d487fee624d2b1ee1bdfeffc1f0b58c64d149e7eec",
                "sha256:105abaf8a6075dc96c1fe5ae7aae073f4696f2905fde6aeada4c9d2926752362",
                "sha256:155136b51fd733fa94e1c2ea5211dcd4c8879869008fc811648f16541bf99668",
                "sha256:1a465cbe98a7fd391d47dce4b8f7e5b921e6cd805ef421d04f5f66ba8f06086c",
                "sha256:1d2c4994f515e5b485fd6d3a73d05526aa0fcf248eb135996b088d25dfa1865b",
                "sha256:2c24d61263f511551f740d1a065eb0212db1dbbbbd241db758f5244281590c06",
                "sha256:51a8b381b16ddd370178a65360ebe15fbc1c71cf6f584613a7ea08bfad946698",
                "sha256:594234691ac0e9b770aee9fcdb8fa02c22e43e5c619456efd0d6c2bf276f3eb2",
                "sha256:5cf4be6c304ad0b6602f5c4e90e2f59b47653ac1ed9c662ed379fe48a8f26b0c",
                "sha256:64081b3f8f6f3c3de6191ec89d7dc6c86a8a43911f7ecb422c60e90c70be41c7",
                "sha256:6bc25fc545a6b3d57b5f8618e59fc13d3a3a68431e8ca5fd4c13241cd70d0009",
                "sha256:798caa2a2384b1cbe8a2a139d80734c9db54f9cc155c99d7cc92441a23871c03",
                "sha256:7c6b1dece89874d9541fc974917b631406233ea0440d0bdfbb8e03bf39a49b3b",
                "sha256:840793c68105fe031f34d6a086eaea153a0cd5c491cde82a74b420edd0a2b909",
                "sha256:8d6603078baf4e11edc4168a514c5ce5b3ba6e3e9c374298cb88437957960a53",
                "sha256:9cc46bc107224ff5b6d04369e7c595acb700c3613ad7bcf2e2012f62ece80c35",
                "sha256:9f7a31251289b2ab6d4012f6e83e58bc3b96bd151f5b5262467f4bb6b34a7c26",
                "sha256:9ffb888f19d54a4d4dfd4b3f29bc2c16aa4972f1c2ab9c4ab09b8ab8685b9c2b",
                "sha256:a5ed8c05548b54b998b9498753fb9cadbfd92ee88e884641377d8a8b291bcc01",
                "sha256:a7711edca4dcef1a75257b50a2fbfe92a65187c47dab5a0f1b9b332c5919a3fb",
                "sha256:af5c59122a011049aad5dd87424b8e65a80e4a6477419c0c1015f73fb5ea0293",
                "sha256:b18e0a9ef57d2b41f5c68beefa32317d286c3d6ac0484efd10d6e07491bb95dd",
                "sha256:b4e248d1087abf9f4c10f3c398896c87ce82a9856494a7155823eb45a892395d",
                "sha256:ba4e9e0ae13fc41c6b23299545e5ef73055213e466bd107953e4a013a5ddd7e3",
                "sha256:c6332685306b6417a91b1ff9fae889b3ba65c2292d64bd9245c093b1b284809d",
                "sha256:d5ff0621c88ce83a28a10d2ce719b2ee85635e85c515f12bac99a95306da4b2e",
                "sha256:d9efd8b7a3ef378dd61a1e77367f1924375befc2eba06168b6ebfa903a5e59ca",
                "sha256:df5169c4396adc04f9b0a05f13c074df878b6052430e03f50e68adf3a57aa28d",
                "sha256:ebb253464a5d0482b191274f1c8bf00e33f7e0b9c66405fbffc61ed2c839c775",
                "sha256:ec80dc47f54e6e9a78181ce05feb71a0353854cc26999db963695f950b5fb375",
                "sha256:f032b34669220030f905152045dfa27741ce1a6db3324a5bc0b96b6c7420c87b",
                "sha256:f60567825f791c6f8a592f3c6e3bd93dd2934e3f9dac189308426bd76b00ef3b",
                "sha256:f803eaa94c2fcda012c047e62bc7a51b0bdabda1cad7a92a522694ea2d76e49f"
            ],
            "version": "==1.14.4"
        },
        "cssselect2": {
            "hashes": [
                "sha256:2f4a9f20965367bae459e3bb42561f7927e0cfe5b7ea1692757cf67ef5d7dace",
                "sha256:93fbb9af860e95dd40bf18c3b2b6ed99189a07c0f29ba76f9c5be71344664ec8"
            ],
            "markers": "python_version >= '3.6'",
            "version": "==0.4.1"
        },
        "defusedxml": {
            "hashes": [
                "sha256:6687150770438374ab581bb7a1b327a847dd9c5749e396102de3fad4e8a3ef93",
                "sha256:f684034d135af4c6cbb949b8a4d2ed61634515257a67299e5f940fbaa34377f5"
            ],
            "markers": "python_version >= '2.7' and python_version not in '3.0, 3.1, 3.2, 3.3, 3.4'",
            "version": "==0.6.0"
        },
        "html5lib": {
            "hashes": [
                "sha256:0d78f8fde1c230e99fe37986a60526d7049ed4bf8a9fadbad5f00e22e58e041d",
                "sha256:b2e5b40261e20f354d198eae92afc10d750afb487ed5e50f9c4eaf07c184146f"
            ],
            "markers": "python_version >= '2.7' and python_version not in '3.0, 3.1, 3.2, 3.3, 3.4'",
            "version": "==1.1"
        },
        "pillow": {
            "hashes": [
                "sha256:006de60d7580d81f4a1a7e9f0173dc90a932e3905cc4d47ea909bc946302311a",
                "sha256:0a2e8d03787ec7ad71dc18aec9367c946ef8ef50e1e78c71f743bc3a770f9fae",
                "sha256:0eeeae397e5a79dc088d8297a4c2c6f901f8fb30db47795113a4a605d0f1e5ce",
                "sha256:11c5c6e9b02c9dac08af04f093eb5a2f84857df70a7d4a6a6ad461aca803fb9e",
                "sha256:2fb113757a369a6cdb189f8df3226e995acfed0a8919a72416626af1a0a71140",
                "sha256:4b0ef2470c4979e345e4e0cc1bbac65fda11d0d7b789dbac035e4c6ce3f98adb",
                "sha256:59e903ca800c8cfd1ebe482349ec7c35687b95e98cefae213e271c8c7fffa021",
                "sha256:5abd653a23c35d980b332bc0431d39663b1709d64142e3652890df4c9b6970f6",
                "sha256:5f9403af9c790cc18411ea398a6950ee2def2a830ad0cfe6dc9122e6d528b302",
                "sha256:6b4a8fd632b4ebee28282a9fef4c341835a1aa8671e2770b6f89adc8e8c2703c",
                "sha256:6c1aca8231625115104a06e4389fcd9ec88f0c9befbabd80dc206c35561be271",
                "sha256:795e91a60f291e75de2e20e6bdd67770f793c8605b553cb6e4387ce0cb302e09",
                "sha256:7ba0ba61252ab23052e642abdb17fd08fdcfdbbf3b74c969a30c58ac1ade7cd3",
                "sha256:7c9401e68730d6c4245b8e361d3d13e1035cbc94db86b49dc7da8bec235d0015",
                "sha256:81f812d8f5e8a09b246515fac141e9d10113229bc33ea073fec11403b016bcf3",
                "sha256:895d54c0ddc78a478c80f9c438579ac15f3e27bf442c2a9aa74d41d0e4d12544",
                "sha256:8de332053707c80963b589b22f8e0229f1be1f3ca862a932c1bcd48dafb18dd8",
                "sha256:92c882b70a40c79de9f5294dc99390671e07fc0b0113d472cbea3fde15db1792",
                "sha256:95edb1ed513e68bddc2aee3de66ceaf743590bf16c023fb9977adc4be15bd3f0",
                "sha256:b63d4ff734263ae4ce6593798bcfee6dbfb00523c82753a3a03cbc05555a9cc3",
                "sha256:bd7bf289e05470b1bc74889d1466d9ad4a56d201f24397557b6f65c24a6844b8",
                "sha256:cc3ea6b23954da84dbee8025c616040d9aa5eaf34ea6895a0a762ee9d3e12e11",
                "sha256:cc9ec588c6ef3a1325fa032ec14d97b7309db493782ea8c304666fb10c3bd9a7",
                "sha256:d3d07c86d4efa1facdf32aa878bd508c0dc4f87c48125cc16b937baa4e5b5e11",
                "sha256:d8a96747df78cda35980905bf26e72960cba6d355ace4780d4bdde3b217cdf1e",
                "sha256:e38d58d9138ef972fceb7aeec4be02e3f01d383723965bfcef14d174c8ccd039",
                "sha256:eb472586374dc66b31e36e14720747595c2b265ae962987261f044e5cce644b5",
                "sha256:fbd922f702582cb0d71ef94442bfca57624352622d75e3be7a1e7e9360b07e72"
            ],
            "markers": "python_version >= '3.6'",
            "version": "==8.0.1"
        },
        "pycparser": {
            "hashes": [
                "sha256:2d475327684562c3a96cc71adf7dc8c4f0565175cf86b6d7a404ff4c771f15f0",
                "sha256:7582ad22678f0fcd81102833f60ef8d0e57288b6b5fb00323d101be910e35705"
            ],
            "markers": "python_version >= '2.7' and python_version not in '3.0, 3.1, 3.2, 3.3'",
            "version": "==2.20"
        },
        "pyphen": {
            "hashes": [
                "sha256:624b036eafe6f38fad3e79ee676ec711a8ce634feb9f34ac615bbaf73e662111",
                "sha256:719b21dfb4b04fbc11cc0f6112418535fe35474021120cccfffc43a25fe63128"
            ],
            "version": "==0.10.0"
        },
        "qrcode": {
            "hashes": [
                "sha256:3996ee560fc39532910603704c82980ff6d4d5d629f9c3f25f34174ce8606cf5",
                "sha256:505253854f607f2abf4d16092c61d4e9d511a3b4392e60bff957a68592b04369"
            ],
            "index": "pypi",
            "version": "==6.1"
        },
        "reportlab": {
            "hashes": [
                "sha256:0008b5baa39d7e3a8132c4b47ecae88d6858ad386518e754e5e7b8025ee4722b",
                "sha256:0ad5a540c336941272fe161ef3a9830da3d4b3a65a195531cebd3cad5db58b2a",
                "sha256:0c965a5691686d746f558ee1c52aa9c63a01a0e13cba61ffc661573948e32f61",
                "sha256:0fd568fa5615ae99f76289c52ff230207852ee942d4934f6c893c93d2a79544e",
                "sha256:1117d905a3404c696869c7aabec9454b43ed6acbbc73f9256c6fcea23e7ae93e",
                "sha256:1ea7c388e91ad9d823655ad6a13751ff67e8a0e7cf4065cf051b4c931cdd9450",
                "sha256:26c0ee8f62652cc7fcdc47a1cb3b34775a4d625738025c1a7edb8718bda5a315",
                "sha256:368c5b3fc3d5a541cb9dcacefa563fdb445365f517e3cbf64b4326631d1cf13c",
                "sha256:451d42fdcdd7d84587d6d9c8f5d9a7d0e997305efb606705063ca1fe8bcca551",
                "sha256:47394acba4da8e56ef8e55d8eb483b868521696ba49ab0f0fcf8a1a4a5ac6e49",
                "sha256:51b16e297f7b937fc530dd151e4b38f1d305b01c9aa10657bc32a5d2901b8ad7",
                "sha256:51c0cdcf606ded0a7b4b50050400f25125ea797fbfc3c817135993b38f8b764e",
                "sha256:55c672c579618843e0fd00140fb71f1ffebc4f1c542ac385c4f4999f2f5398d9",
                "sha256:5c34a96ecfbf595caf16178a06abcd26a5f8720e01fe1285d4c97333382cfaeb",
                "sha256:61aa89a00754b18c4f2956b8bff831f1fd3affef6476dc63462d92211941605e",
                "sha256:62234d29c97279917903e4587faf240a5dea4617be250db55386ff268eb5a7c5",
                "sha256:670f2a8dcc23bf798c39b95c64bf76ee387549b962f76783670821978a226663",
                "sha256:69387f171f6c7b55109caa6d061b17a18f2f9e724a0212c07cd692aeb369dd19",
                "sha256:6c5c8871b659f7c2975382d7b61f3c182701fa9eb62cf649c3c73ba8fc5e2595",
                "sha256:80139ceb3a568f5be908094f1701fd05391b71425e8b69aaed0d30db647ca2aa",
                "sha256:80661a76d0019b5e2c315ccd3bc7093d754067d6142b36a3a0ec4f416073d23b",
                "sha256:85a2236f324ae336da7f4b183fa99bed261bcc00ac1255ee91a504e68b086d00",
                "sha256:89a3acd98bd4478d6bbc5cb32e0665ea546c98bff8b58d5e1014659daa6ef75a",
                "sha256:8a39119fcab146bde41fd1c6d148f9ee1e2cca10c6f9c2b7eb4dd710a3a2c6ac",
                "sha256:9c31c2526401da6cc92018f68483f2aac0a731cb98435445ea4b72d46b438c84",
                "sha256:9e8ae1c3b8a1697147c5c97f00d66ab1c54d88c4615b0cdd9b1a667d7baf3eb7",
                "sha256:a79aab8d069543d5085d58260f18705a08acd92a4501a41261913fddc2137d46",
                "sha256:b3d9926e64bd8008007b2d9819d7b30179b069ce95431d5060f71afc36885389",
                "sha256:c2a9a77ce4f25ffb52d705be82a9f41b47f6b0da23870ebc3587709e7242da30",
                "sha256:c578dd0799f70fb577474cd383f035c6e1057e4fe837278113f9cfa6eee4b076",
                "sha256:c5abd9d0023ad20030524ab0d5fa39d77aed025519b1fa426304ab2dd0328b89",
                "sha256:ced96125525ba21311e9512adf391170b9e149f89e27e45b06ff07b70f97a0b2",
                "sha256:d692fb88d6ef5e75242b00009b54953a0425eaa8bd3a36db9db8b396785e1f57",
                "sha256:d70c2104286459658e61388af9eee838b612986bd8a36e1d21ba36152983ac15",
                "sha256:de47c65c10ac6f0d2addb28f1b1657b1c707aca014d09d01b3b728cf19e8f791",
                "sha256:e6e7592527791841db0820a72c6afae52655a05b0b6d4df184fd2bafe82ee1ee",
                "sha256:e8a7e95ee6ea5566291b59ede5b9fadce809dca43ebfbfe11e3ff3d6492c6f0e",
                "sha256:f041759138b3a95508c4281b3db3bf9bb28636d84c554272a58a5ca7c9f9bbf4",
                "sha256:f39c7fc1fa2e4a1d9747a3effd70731a9d0e9eb5738247fa089c059eff19d43e",
                "sha256:f65ac89ee0ba569f5279360eae08783f7f2e95c9810a9846c957fbd5950f4896"
            ],
            "index": "pypi",
            "version": "==3.5.56"
        },
        "six": {
            "hashes": [
                "sha256:30639c035cdb23534cd4aa2dd52c3bf48f06e5f4a941509c8bafd8ce11080259",
                "sha256:8b74bedcbbbaca38ff6d7491d76f2b06b3592611af620f8426e82dddb04a5ced"
            ],
            "markers": "python_version >= '2.7' and python_version not in '3.0, 3.1, 3.2, 3.3'",
            "version": "==1.15.0"
        },
        "tinycss2": {
            "hashes": [
                "sha256:0353b5234bcaee7b1ac7ca3dea7e02cd338a9f8dcbb8f2dcd32a5795ec1e5f9a",
                "sha256:fbdcac3044d60eb85fdb2aa840ece43cf7dbe798e373e6ee0be545d4d134e18a"
            ],
            "markers": "python_version >= '3.6'",
            "version": "==1.1.0"
        },
        "weasyprint": {
            "hashes": [
                "sha256:2f59a1908f363088ba210fc742b376139d4e594b35d02a9bbabb32c2d8f0b384",
                "sha256:98602288ddc5345fcbd5008702f53da03cd07cec6f335de20f41c03a62715ddf"
            ],
            "index": "pypi",
            "version": "==52.1"
        },
        "webencodings": {
            "hashes": [
                "sha256:a0af1213f3c2226497a97e2b3aa01a7e4bee4f403f95be16fc9acd2947514a78",
                "sha256:b36a1c245f2d304965eb4e0a82848379241dc04b865afcc4aab16748587e1923"
            ],
            "version": "==0.5.1"
        }
    },
    "develop": {}
}
